{
  "name": "truffle",
  "version": "1.0.0",
  "lockfileVersion": 1,
  "requires": true,
  "dependencies": {
    "bignumber.js": {
      "version": "8.0.2",
      "resolved": "https://registry.npmjs.org/bignumber.js/-/bignumber.js-8.0.2.tgz",
      "integrity": "sha512-EiuvFrnbv0jFixEQ9f58jo7X0qI2lNGIr/MxntmVzQc5JUweDSh8y8hbTCAomFtqwUPIOWcLXP0VEOSZTG7FFw=="
    },
    "openzeppelin-solidity": {
      "version": "4.1.0",
      "resolved": "https://registry.npmjs.org/openzeppelin-solidity/-/openzeppelin-solidity-4.1.0.tgz",
      "integrity": "sha512-eOTwAu5q909S+Lqi4QnTQClY8KLpdnpiddrrrCuDSDaOgohBbl4VMcJj325k67m2qyalqvHu/2Fj5qqj5V9oLw=="
    }
  }
}
